
Microsoft Visual Studio Solution File, Format Version 12.00
# Visual Studio Version 16
VisualStudioVersion = 16.0.31205.134
MinimumVisualStudioVersion = 10.0.40219.1
Project("{FAE04EC0-301F-11D3-BF4B-00C04F79EFBC}") = "optik", "optik\optik.csproj", "{4A67CA4A-3775-44E5-B67F-3693B0DB987F}"
EndProject
Global
	GlobalSection(SolutionConfigurationPlatforms) = preSolution
		Debug|Any CPU = Debug|Any CPU
		Release|Any CPU = Release|Any CPU
	EndGlobalSection
	GlobalSection(ProjectConfigurationPlatforms) = postSolution
		{4A67CA4A-3775-44E5-B67F-3693B0DB987F}.Debug|Any CPU.ActiveCfg = Debug|Any CPU
		{4A67CA4A-3775-44E5-B67F-3693B0DB987F}.Debug|Any CPU.Build.0 = Debug|Any CPU
		{4A67CA4A-3775-44E5-B67F-3693B0DB987F}.Release|Any CPU.ActiveCfg = Release|Any CPU
		{4A67CA4A-3775-44E5-B67F-3693B0DB987F}.Release|Any CPU.Build.0 = Release|Any CPU
	EndGlobalSection
	GlobalSection(SolutionProperties) = preSolution
		HideSolutionNode = FALSE
	EndGlobalSection
	GlobalSection(ExtensibilityGlobals) = postSolution
		SolutionGuid = {14A294BF-1182-4674-AAC0-7A1A370B838C}
	EndGlobalSection
EndGlobal
